<?xml version="1.0" encoding="utf-8"?>
<Project ToolsVersion="4.0" xmlns="http://schemas.microsoft.com/developer/msbuild/2003">
  <ItemGroup>
    <Filter Include="源文件">
      <UniqueIdentifier>{dfcb7c25-ec22-4009-a0bd-8d28ccd4d934}</UniqueIdentifier>
    </Filter>
    <Filter Include="生成的文件">
      <UniqueIdentifier>{a30ef1c8-db9c-4614-a0ac-bc82e8c8820f}</UniqueIdentifier>
      <SourceControlFiles>False</SourceControlFiles>
    </Filter>
  </ItemGroup>
  <ItemGroup>
    <None Include="Communicateps.def" />
  </ItemGroup>
  <ItemGroup>
    <ClCompile Include="Communicate_i.c">
      <Filter>生成的文件</Filter>
    </ClCompile>
    <ClCompile Include="Communicate_p.c">
      <Filter>生成的文件</Filter>
    </ClCompile>
    <ClCompile Include="dlldata.c">
      <Filter>生成的文件</Filter>
    </ClCompile>
  </ItemGroup>
</Project>